// This lockfile was autogenerated by Pants. To regenerate, run:
//
//    pants generate-lockfiles --resolve=mypy
//
// --- BEGIN PANTS LOCKFILE METADATA: DO NOT EDIT OR REMOVE ---
// {
//   "version": 3,
//   "valid_for_interpreter_constraints": [
//     "CPython==3.10.*"
//   ],
//   "generated_with_requirements": [
//     "django-stubs==1.8.0",
//     "djangorestframework-stubs[compatible-mypy]==1.4.0",
//     "mypy==0.961",
//     "phonenumbers"
//   ],
//   "manylinux": "manylinux2014",
//   "requirement_constraints": [],
//   "only_binary": [],
//   "no_binary": []
// }
// --- END PANTS LOCKFILE METADATA ---

{
  "allow_builds": true,
  "allow_prereleases": false,
  "allow_wheels": true,
  "build_isolation": true,
  "constraints": [],
  "locked_resolves": [
    {
      "locked_requirements": [
        {
          "artifacts": [
            {
              "algorithm": "sha256",
              "hash": "71e68008da809b957b7ee4b43dbccff33d1b23519fb8344e33f049897077afac",
              "url": "https://files.pythonhosted.org/packages/8f/29/38d10a47b322a77b2d12c2b79c789f52956f733cb701d4d5157c76b5f238/asgiref-3.6.0-py3-none-any.whl"
            },
            {
              "algorithm": "sha256",
              "hash": "9567dfe7bd8d3c8c892227827c41cce860b368104c3431da67a0c5a65a949506",
              "url": "https://files.pythonhosted.org/packages/78/2d/797c0537426266d6c9377a2ed6a4ac61e50c2d5b1ab4da101a4b9bfe26e2/asgiref-3.6.0.tar.gz"
            }
          ],
          "project_name": "asgiref",
          "requires_dists": [
            "mypy>=0.800; extra == \"tests\"",
            "pytest-asyncio; extra == \"tests\"",
            "pytest; extra == \"tests\"",
            "typing-extensions; python_version < \"3.8\""
          ],
          "requires_python": ">=3.7",
          "version": "3.6"
        },
        {
          "artifacts": [
            {
              "algorithm": "sha256",
              "hash": "4ad3232f5e926d6718ec31cfc1fcadfde020920e278684144551c91769c7bc18",
              "url": "https://files.pythonhosted.org/packages/71/4c/3db2b8021bd6f2f0ceb0e088d6b2d49147671f25832fb17970e9b583d742/certifi-2022.12.7-py3-none-any.whl"
            },
            {
              "algorithm": "sha256",
              "hash": "35824b4c3a97115964b408844d64aa14db1cc518f6562e8d7261699d1350a9e3",
              "url": "https://files.pythonhosted.org/packages/37/f7/2b1b0ec44fdc30a3d31dfebe52226be9ddc40cd6c0f34ffc8923ba423b69/certifi-2022.12.7.tar.gz"
            }
          ],
          "project_name": "certifi",
          "requires_dists": [],
          "requires_python": ">=3.6",
          "version": "2022.12.7"
        },
        {
          "artifacts": [
            {
              "algorithm": "sha256",
              "hash": "3d9098b479e78c85080c98e1e35ff40b4a31d8953102bb0fd7d1b6f8a2111a3d",
              "url": "https://files.pythonhosted.org/packages/ef/81/14b3b8f01ddaddad6cdec97f2f599aa2fa466bd5ee9af99b08b7713ccd29/charset_normalizer-3.1.0-py3-none-any.whl"
            },
            {
              "algorithm": "sha256",
              "hash": "b06f0d3bf045158d2fb8837c5785fe9ff9b8c93358be64461a1089f5da983137",
              "url": "https://files.pythonhosted.org/packages/23/13/cf5d7bb5bc95f120df64d6c470581189df51d7f011560b2a06a395b7a120/charset_normalizer-3.1.0-cp310-cp310-musllinux_1_1_ppc64le.whl"
            },
            {
              "algorithm": "sha256",
              "hash": "e0ac8959c929593fee38da1c2b64ee9778733cdf03c482c9ff1d508b6b593b2b",
              "url": "https://files.pythonhosted.org/packages/4f/a2/9031ba4a008e11a21d7b7aa41751290d2f2035a2f14ecb6e589771a17c47/charset_normalizer-3.1.0-cp310-cp310-macosx_10_9_universal2.whl"
            },
            {
              "algorithm": "sha256",
              "hash": "d7fc3fca01da18fbabe4625d64bb612b533533ed10045a2ac3dd194bfa656b60",
              "url": "https://files.pythonhosted.org/packages/67/df/660e9665ace7ad711e275194a86cb757fb4d4e513fae5ff3d39573db4984/charset_normalizer-3.1.0-cp310-cp310-macosx_10_9_x86_64.whl"
            },
            {
              "algorithm": "sha256",
              "hash": "1435ae15108b1cb6fffbcea2af3d468683b7afed0169ad718451f8db5d1aff6f",
              "url": "https://files.pythonhosted.org/packages/69/22/66351781e668158feef71c5e3b059a79ecc9efc3ef84a45888b0f3a933d5/charset_normalizer-3.1.0-cp310-cp310-manylinux_2_17_ppc64le.manylinux2014_ppc64le.whl"
            },
            {
              "algorithm": "sha256",
              "hash": "20064ead0717cf9a73a6d1e779b23d149b53daf971169289ed2ed43a71e8d3b0",
              "url": "https://files.pythonhosted.org/packages/6d/59/59a3f4d8a59ee270da77f9e954a0e284c9d6884d39ec69d696d9aa5ff2f2/charset_normalizer-3.1.0-cp310-cp310-manylinux_2_17_aarch64.manylinux2014_aarch64.whl"
            },
            {
              "algorithm": "sha256",
              "hash": "c84132a54c750fda57729d1e2599bb598f5fa0344085dbde5003ba429a4798c0",
              "url": "https://files.pythonhosted.org/packages/72/90/667a6bc6abe42fc10adf4cd2c1e1c399d78e653dbac4c8018350843d4ab7/charset_normalizer-3.1.0-cp310-cp310-manylinux_2_17_s390x.manylinux2014_s390x.whl"
            },
            {
              "algorithm": "sha256",
              "hash": "49919f8400b5e49e961f320c735388ee686a62327e773fa5b3ce6721f7e785ce",
              "url": "https://files.pythonhosted.org/packages/74/f1/d0b8385b574f7e086fb6709e104b696707bd3742d54a6caf0cebbb7e975b/charset_normalizer-3.1.0-cp310-cp310-musllinux_1_1_s390x.whl"
            },
            {
              "algorithm": "sha256",
              "hash": "11d3bcb7be35e7b1bba2c23beedac81ee893ac9871d0ba79effc7fc01167db6c",
              "url": "https://files.pythonhosted.org/packages/bb/dc/58fdef3ab85e8e7953a8b89ef1d2c06938b8ad88d9617f22967e1a90e6b8/charset_normalizer-3.1.0-cp310-cp310-manylinux_2_5_i686.manylinux1_i686.manylinux_2_17_i686.manylinux2014_i686.whl"
            },
            {
              "algorithm": "sha256",
              "hash": "891cf9b48776b5c61c700b55a598621fdb7b1e301a550365571e9624f270c203",
              "url": "https://files.pythonhosted.org/packages/c2/35/dfb4032f5712747d3dcfdd19d0768f6d8f60910ae24ed066ecbf442be013/charset_normalizer-3.1.0-cp310-cp310-musllinux_1_1_aarch64.whl"
            },
            {
              "algorithm": "sha256",
              "hash": "04eefcee095f58eaabe6dc3cc2262f3bcd776d2c67005880894f447b3f2cb9c1",
              "url": "https://files.pythonhosted.org/packages/c6/ab/43ea052756b2f2dcb6a131897811c0e2704b0288f090336217d3346cd682/charset_normalizer-3.1.0-cp310-cp310-macosx_11_0_arm64.whl"
            },
            {
              "algorithm": "sha256",
              "hash": "75f2568b4189dda1c567339b48cba4ac7384accb9c2a7ed655cd86b04055c795",
              "url": "https://files.pythonhosted.org/packages/cc/f6/21a66e524658bd1dd7b89ac9d1ee8f7823f2d9701a2fbc458ab9ede53c63/charset_normalizer-3.1.0-cp310-cp310-manylinux_2_17_x86_64.manylinux2014_x86_64.whl"
            },
            {
              "algorithm": "sha256",
              "hash": "5f008525e02908b20e04707a4f704cd286d94718f48bb33edddc7d7b584dddc1",
              "url": "https://files.pythonhosted.org/packages/f2/d7/6ee92c11eda3f3c9cac1e059901092bfdf07388be7d2e60ac627527eee62/charset_normalizer-3.1.0-cp310-cp310-musllinux_1_1_i686.whl"
            },
            {
              "algorithm": "sha256",
              "hash": "22908891a380d50738e1f978667536f6c6b526a2064156203d418f4856d6e86a",
              "url": "https://files.pythonhosted.org/packages/f4/0a/8c03913ed1eca9d831db0c28759edb6ce87af22bb55dbc005a52525a75b6/charset_normalizer-3.1.0-cp310-cp310-musllinux_1_1_x86_64.whl"
            },
            {
              "algorithm": "sha256",
              "hash": "34e0a2f9c370eb95597aae63bf85eb5e96826d81e3dcf88b8886012906f509b5",
              "url": "https://files.pythonhosted.org/packages/ff/d7/8d757f8bd45be079d76309248845a04f09619a7b17d6dfc8c9ff6433cac2/charset-normalizer-3.1.0.tar.gz"
            }
          ],
          "project_name": "charset-normalizer",
          "requires_dists": [],
          "requires_python": ">=3.7.0",
          "version": "3.1"
        },
        {
          "artifacts": [
            {
              "algorithm": "sha256",
              "hash": "bf39d118d6d3e171f10df9ede5666f63ad80bba9a29a8ec17726a66cf52ee6f3",
              "url": "https://files.pythonhosted.org/packages/fc/3a/9dedaad22962770edd334222f2b3c3e7ad5e1c8cab1d6a7992c30329e2e5/coreapi-2.3.3-py2.py3-none-any.whl"
            },
            {
              "algorithm": "sha256",
              "hash": "46145fcc1f7017c076a2ef684969b641d18a2991051fddec9458ad3f78ffc1cb",
              "url": "https://files.pythonhosted.org/packages/ca/f2/5fc0d91a0c40b477b016c0f77d9d419ba25fc47cc11a96c825875ddce5a6/coreapi-2.3.3.tar.gz"
            }
          ],
          "project_name": "coreapi",
          "requires_dists": [
            "coreschema",
            "itypes",
            "requests",
            "uritemplate"
          ],
          "requires_python": null,
          "version": "2.3.3"
        },
        {
          "artifacts": [
            {
              "algorithm": "sha256",
              "hash": "9503506007d482ab0867ba14724b93c18a33b22b6d19fb419ef2d239dd4a1607",
              "url": "https://files.pythonhosted.org/packages/93/08/1d105a70104e078718421e6c555b8b293259e7fc92f7e9a04869947f198f/coreschema-0.0.4.tar.gz"
            }
          ],
          "project_name": "coreschema",
          "requires_dists": [
            "jinja2"
          ],
          "requires_python": null,
          "version": "0.0.4"
        },
        {
          "artifacts": [
            {
              "algorithm": "sha256",
              "hash": "f2f431e75adc40039ace496ad3b9f17227022e8b11566f4b363da44c7e44761e",
              "url": "https://files.pythonhosted.org/packages/89/86/59e237f7176cfc1544446914fa329fd560bb8fce46be52dd7af5dc7c54f9/Django-4.1.7-py3-none-any.whl"
            },
            {
              "algorithm": "sha256",
              "hash": "44f714b81c5f190d9d2ddad01a532fe502fa01c4cb8faf1d081f4264ed15dcd8",
              "url": "https://files.pythonhosted.org/packages/9f/a7/07939866241b7e8f8d3bf164b7d6ad428163723e29dd472700f8ab0e5fd5/Django-4.1.7.tar.gz"
            }
          ],
          "project_name": "django",
          "requires_dists": [
            "argon2-cffi>=19.1.0; extra == \"argon2\"",
            "asgiref<4,>=3.5.2",
            "backports.zoneinfo; python_version < \"3.9\"",
            "bcrypt; extra == \"bcrypt\"",
            "sqlparse>=0.2.2",
            "tzdata; sys_platform == \"win32\""
          ],
          "requires_python": ">=3.8",
          "version": "4.1.7"
        },
        {
          "artifacts": [
            {
              "algorithm": "sha256",
              "hash": "bde9e44e3c4574c2454e74a3e607cc3bc23b0441bb7d1312cd677d5e30984b74",
              "url": "https://files.pythonhosted.org/packages/1f/f5/8179f9d2dff940faede3dfb822fb29ac1e6cbdde85dcd1534cedc649d8b3/django_stubs-1.8.0-py3-none-any.whl"
            },
            {
              "algorithm": "sha256",
              "hash": "717967d7fee0a6af0746724a0be80d72831a982a40fa8f245a6a46f4cafd157b",
              "url": "https://files.pythonhosted.org/packages/2b/7f/5fc8b2620e97d85a6ee8ff8f01ee8bdbf5f8dbef94711108fb55f6f1936c/django-stubs-1.8.0.tar.gz"
            }
          ],
          "project_name": "django-stubs",
          "requires_dists": [
            "django",
            "django-stubs-ext",
            "mypy>=0.790",
            "typing-extensions"
          ],
          "requires_python": ">=3.6",
          "version": "1.8"
        },
        {
          "artifacts": [
            {
              "algorithm": "sha256",
              "hash": "d729fbc7fe8970a7e26b35956c35b48502516f011d523c0577bdfb02ed956284",
              "url": "https://files.pythonhosted.org/packages/17/9c/3a555dc7ca83c9fa7598d907adf9856f0f767b8f5a5d1036a3d5316e17b9/django_stubs_ext-0.7.0-py3-none-any.whl"
            },
            {
              "algorithm": "sha256",
              "hash": "4fd8cdbc68d1a421f21bb7e0d9e76d50f6a4b504d350ba786405daf536e90c21",
              "url": "https://files.pythonhosted.org/packages/8f/66/3c1f1116884bab44deba0c6d7fe1ddbba4cfcb6273cc1f5c94d459e120ea/django-stubs-ext-0.7.0.tar.gz"
            }
          ],
          "project_name": "django-stubs-ext",
          "requires_dists": [
            "django",
            "typing-extensions"
          ],
          "requires_python": ">=3.7",
          "version": "0.7"
        },
        {
          "artifacts": [
            {
              "algorithm": "sha256",
              "hash": "f6ed5fb19c12aa752288ddc6ad28d4ca7c81681ca7f28a19aba9064b2a69489c",
              "url": "https://files.pythonhosted.org/packages/c6/e5/814c1819452746193b99acb97c8b5205d8fe7b01f11957376b9448794ca0/djangorestframework_stubs-1.4.0-py3-none-any.whl"
            },
            {
              "algorithm": "sha256",
              "hash": "037f0582b1e6c79366b6a839da861474d59210c4bfa1d36291545cb6ede6a0da",
              "url": "https://files.pythonhosted.org/packages/ff/b8/1c9cb32a9dcd3eb3f11cbb97465ad4bab17e8a54ebb3435661574d868908/djangorestframework-stubs-1.4.0.tar.gz"
            }
          ],
          "project_name": "djangorestframework-stubs",
          "requires_dists": [
            "coreapi>=2.0.0",
            "django-stubs>=1.7.0",
            "mypy>=0.790",
            "requests>=2.0.0",
            "typing-extensions>=3.7.2"
          ],
          "requires_python": ">=3.6",
          "version": "1.4"
        },
        {
          "artifacts": [
            {
              "algorithm": "sha256",
              "hash": "90b77e79eaa3eba6de819a0c442c0b4ceefc341a7a2ab77d7562bf49f425c5c2",
              "url": "https://files.pythonhosted.org/packages/fc/34/3030de6f1370931b9dbb4dad48f6ab1015ab1d32447850b9fc94e60097be/idna-3.4-py3-none-any.whl"
            },
            {
              "algorithm": "sha256",
              "hash": "814f528e8dead7d329833b91c5faa87d60bf71824cd12a7530b5526063d02cb4",
              "url": "https://files.pythonhosted.org/packages/8b/e1/43beb3d38dba6cb420cefa297822eac205a277ab43e5ba5d5c46faf96438/idna-3.4.tar.gz"
            }
          ],
          "project_name": "idna",
          "requires_dists": [],
          "requires_python": ">=3.5",
          "version": "3.4"
        },
        {
          "artifacts": [
            {
              "algorithm": "sha256",
              "hash": "03da6872ca89d29aef62773672b2d408f490f80db48b23079a4b194c86dd04c6",
              "url": "https://files.pythonhosted.org/packages/3f/bb/3bd99c7cd34d4a123b2903e16da364f6d2078b1c3a3530a8ad105c668104/itypes-1.2.0-py2.py3-none-any.whl"
            },
            {
              "algorithm": "sha256",
              "hash": "af886f129dea4a2a1e3d36595a2d139589e4dd287f5cab0b40e799ee81570ff1",
              "url": "https://files.pythonhosted.org/packages/0e/53/764524b3907d0af00523f8794daca181c08ca7cb32ceee25a0754d5e63a5/itypes-1.2.0.tar.gz"
            }
          ],
          "project_name": "itypes",
          "requires_dists": [],
          "requires_python": null,
          "version": "1.2"
        },
        {
          "artifacts": [
            {
              "algorithm": "sha256",
              "hash": "6088930bfe239f0e6710546ab9c19c9ef35e29792895fed6e6e31a023a182a61",
              "url": "https://files.pythonhosted.org/packages/bc/c3/f068337a370801f372f2f8f6bad74a5c140f6fda3d9de154052708dd3c65/Jinja2-3.1.2-py3-none-any.whl"
            },
            {
              "algorithm": "sha256",
              "hash": "31351a702a408a9e7595a8fc6150fc3f43bb6bf7e319770cbc0db9df9437e852",
              "url": "https://files.pythonhosted.org/packages/7a/ff/75c28576a1d900e87eb6335b063fab47a8ef3c8b4d88524c4bf78f670cce/Jinja2-3.1.2.tar.gz"
            }
          ],
          "project_name": "jinja2",
          "requires_dists": [
            "Babel>=2.7; extra == \"i18n\"",
            "MarkupSafe>=2.0"
          ],
          "requires_python": ">=3.7",
          "version": "3.1.2"
        },
        {
          "artifacts": [
            {
              "algorithm": "sha256",
              "hash": "7313ce6a199651c4ed9d7e4cfb4aa56fe923b1adf9af3b420ee14e6d9a73df65",
              "url": "https://files.pythonhosted.org/packages/f9/aa/ebcd114deab08f892b1d70badda4436dbad1747f9e5b72cffb3de4c7129d/MarkupSafe-2.1.2-cp310-cp310-musllinux_1_1_x86_64.whl"
            },
            {
              "algorithm": "sha256",
              "hash": "ca244fa73f50a800cf8c3ebf7fd93149ec37f5cb9596aa8873ae2c1d23498601",
              "url": "https://files.pythonhosted.org/packages/30/3e/0a69a24adb38df83e2f6989c38d68627a5f27181c82ecaa1fd03d1236dca/MarkupSafe-2.1.2-cp310-cp310-manylinux_2_5_i686.manylinux1_i686.manylinux_2_17_i686.manylinux2014_i686.whl"
            },
            {
              "algorithm": "sha256",
              "hash": "340bea174e9761308703ae988e982005aedf427de816d1afe98147668cc03036",
              "url": "https://files.pythonhosted.org/packages/34/19/64b0abc021b22766e86efee32b0e2af684c4b731ce8ac1d519c791800c13/MarkupSafe-2.1.2-cp310-cp310-macosx_10_9_x86_64.whl"
            },
            {
              "algorithm": "sha256",
              "hash": "665a36ae6f8f20a4676b53224e33d456a6f5a72657d9c83c2aa00765072f31f7",
              "url": "https://files.pythonhosted.org/packages/37/b2/6f4d5cac75ba6fe9f17671304fe339ea45a73c5609b5f5e652aa79c915c8/MarkupSafe-2.1.2-cp310-cp310-macosx_10_9_universal2.whl"
            },
            {
              "algorithm": "sha256",
              "hash": "28057e985dace2f478e042eaa15606c7efccb700797660629da387eb289b9323",
              "url": "https://files.pythonhosted.org/packages/3d/66/2f636ba803fd6eb4cee7b3106ae02538d1e84a7fb7f4f8775c6528a87d31/MarkupSafe-2.1.2-cp310-cp310-manylinux_2_17_x86_64.manylinux2014_x86_64.whl"
            },
            {
              "algorithm": "sha256",
              "hash": "22152d00bf4a9c7c83960521fc558f55a1adbc0631fbb00a9471e097b19d72e1",
              "url": "https://files.pythonhosted.org/packages/5e/f6/8eb8a5692c1986b6e863877b0b8a83628aff14e5fbfaf11d9522b532bd9d/MarkupSafe-2.1.2-cp310-cp310-manylinux_2_17_aarch64.manylinux2014_aarch64.whl"
            },
            {
              "algorithm": "sha256",
              "hash": "d9d971ec1e79906046aa3ca266de79eac42f1dbf3612a05dc9368125952bd1a1",
              "url": "https://files.pythonhosted.org/packages/93/ca/1c3ae0c6a5712d4ba98610cada03781ea0448436b17d1dcd4759115b15a1/MarkupSafe-2.1.2-cp310-cp310-musllinux_1_1_aarch64.whl"
            },
            {
              "algorithm": "sha256",
              "hash": "abcabc8c2b26036d62d4c746381a6f7cf60aafcc653198ad678306986b09450d",
              "url": "https://files.pythonhosted.org/packages/95/7e/68018b70268fb4a2a605e2be44ab7b4dd7ce7808adae6c5ef32e34f4b55a/MarkupSafe-2.1.2.tar.gz"
            },
            {
              "algorithm": "sha256",
              "hash": "7e007132af78ea9df29495dbf7b5824cb71648d7133cf7848a2a5dd00d36f9ff",
              "url": "https://files.pythonhosted.org/packages/96/92/a873b4a7fa20c2e30bffe883bb560330f3b6ce03aaf278f75f96d161935b/MarkupSafe-2.1.2-cp310-cp310-musllinux_1_1_i686.whl"
            }
          ],
          "project_name": "markupsafe",
          "requires_dists": [],
          "requires_python": ">=3.7",
          "version": "2.1.2"
        },
        {
          "artifacts": [
            {
              "algorithm": "sha256",
              "hash": "03c6cc893e7563e7b2949b969e63f02c000b32502a1b4d1314cabe391aa87d66",
              "url": "https://files.pythonhosted.org/packages/cb/30/03a46a37902348b309aa5fe8a92636b9417fdcea77e20dfc1455581a0ae7/mypy-0.961-py3-none-any.whl"
            },
            {
              "algorithm": "sha256",
              "hash": "b117650592e1782819829605a193360a08aa99f1fc23d1d71e1a75a142dc7e15",
              "url": "https://files.pythonhosted.org/packages/46/d7/3cf7605655f78daded7a23e66f632b50a3b3a8b4262739782f558f8949cf/mypy-0.961-cp310-cp310-macosx_10_9_x86_64.whl"
            },
            {
              "algorithm": "sha256",
              "hash": "f730d56cb924d371c26b8eaddeea3cc07d78ff51c521c6d04899ac6904b75492",
              "url": "https://files.pythonhosted.org/packages/67/48/e73045183ce9824d98365f18255a79d0b01638f40a0a68f898dc8f3cebcc/mypy-0.961.tar.gz"
            },
            {
              "algorithm": "sha256",
              "hash": "697540876638ce349b01b6786bc6094ccdaba88af446a9abb967293ce6eaa2b0",
              "url": "https://files.pythonhosted.org/packages/86/df/16748348d0119a6f2528f370e20f644a15ffb8a335a79e91023babc34d0b/mypy-0.961-cp310-cp310-macosx_10_9_universal2.whl"
            },
            {
              "algorithm": "sha256",
              "hash": "3e09f1f983a71d0672bbc97ae33ee3709d10c779beb613febc36805a6e28bb4e",
              "url": "https://files.pythonhosted.org/packages/9c/4b/37c32ab752c1a16cd528bfa239553207108ae33c7b617f9cfea3bb6e2f00/mypy-0.961-cp310-cp310-manylinux_2_5_x86_64.manylinux1_x86_64.manylinux_2_12_x86_64.manylinux2010_x86_64.whl"
            },
            {
              "algorithm": "sha256",
              "hash": "bdd5ca340beffb8c44cb9dc26697628d1b88c6bddf5c2f6eb308c46f269bb6f3",
              "url": "https://files.pythonhosted.org/packages/ba/85/d59bd3b0c84a59d862d2494a3461710ad4a2a1616312414ecc95b2393310/mypy-0.961-cp310-cp310-macosx_11_0_arm64.whl"
            }
          ],
          "project_name": "mypy",
          "requires_dists": [
            "lxml; extra == \"reports\"",
            "mypy-extensions>=0.4.3",
            "psutil>=4.0; extra == \"dmypy\"",
            "tomli>=1.1.0; python_version < \"3.11\"",
            "typed-ast<2,>=1.4.0; extra == \"python2\"",
            "typed-ast<2,>=1.4.0; python_version < \"3.8\"",
            "typing-extensions>=3.10"
          ],
          "requires_python": ">=3.6",
          "version": "0.961"
        },
        {
          "artifacts": [
            {
              "algorithm": "sha256",
              "hash": "4392f6c0eb8a5668a69e23d168ffa70f0be9ccfd32b5cc2d26a34ae5b844552d",
              "url": "https://files.pythonhosted.org/packages/2a/e2/5d3f6ada4297caebe1a2add3b126fe800c96f56dbe5d1988a2cbe0b267aa/mypy_extensions-1.0.0-py3-none-any.whl"
            },
            {
              "algorithm": "sha256",
              "hash": "75dbf8955dc00442a438fc4d0666508a9a97b6bd41aa2f0ffe9d2f2725af0782",
              "url": "https://files.pythonhosted.org/packages/98/a4/1ab47638b92648243faf97a5aeb6ea83059cc3624972ab6b8d2316078d3f/mypy_extensions-1.0.0.tar.gz"
            }
          ],
          "project_name": "mypy-extensions",
          "requires_dists": [],
          "requires_python": ">=3.5",
          "version": "1"
        },
        {
          "artifacts": [
            {
              "algorithm": "sha256",
              "hash": "d3e3555b38c89b121f5b2e917847003bdd07027569d758d5f40156c01aeac089",
              "url": "https://files.pythonhosted.org/packages/55/85/596b82974eaf32b73ee06926ab933c99b44952b57c5338bf3e6de161d776/phonenumbers-8.13.7-py2.py3-none-any.whl"
            },
            {
              "algorithm": "sha256",
              "hash": "253bb0e01250d21a11f2b42b3e6e161b7f6cb2ac440e2e2a95c1da71d221ee1a",
              "url": "https://files.pythonhosted.org/packages/4e/fa/9f160f201eaef7df680dbf3740beba6006f020a4eaf7faced2e8e26eec6e/phonenumbers-8.13.7.tar.gz"
            }
          ],
          "project_name": "phonenumbers",
          "requires_dists": [],
          "requires_python": null,
          "version": "8.13.7"
        },
        {
          "artifacts": [
            {
              "algorithm": "sha256",
              "hash": "64299f4909223da747622c030b781c0d7811e359c37124b4bd368fb8c6518baa",
              "url": "https://files.pythonhosted.org/packages/d2/f4/274d1dbe96b41cf4e0efb70cbced278ffd61b5c7bb70338b62af94ccb25b/requests-2.28.2-py3-none-any.whl"
            },
            {
              "algorithm": "sha256",
              "hash": "98b1b2782e3c6c4904938b84c0eb932721069dfdb9134313beff7c83c2df24bf",
              "url": "https://files.pythonhosted.org/packages/9d/ee/391076f5937f0a8cdf5e53b701ffc91753e87b07d66bae4a09aa671897bf/requests-2.28.2.tar.gz"
            }
          ],
          "project_name": "requests",
          "requires_dists": [
            "PySocks!=1.5.7,>=1.5.6; extra == \"socks\"",
            "certifi>=2017.4.17",
            "chardet<6,>=3.0.2; extra == \"use_chardet_on_py3\"",
            "charset-normalizer<4,>=2",
            "idna<4,>=2.5",
            "urllib3<1.27,>=1.21.1"
          ],
          "requires_python": "<4,>=3.7",
          "version": "2.28.2"
        },
        {
          "artifacts": [
            {
              "algorithm": "sha256",
              "hash": "0323c0ec29cd52bceabc1b4d9d579e311f3e4961b98d174201d5622a23b85e34",
              "url": "https://files.pythonhosted.org/packages/97/d3/31dd2c3e48fc2060819f4acb0686248250a0f2326356306b38a42e059144/sqlparse-0.4.3-py3-none-any.whl"
            },
            {
              "algorithm": "sha256",
              "hash": "69ca804846bb114d2ec380e4360a8a340db83f0ccf3afceeb1404df028f57268",
              "url": "https://files.pythonhosted.org/packages/ba/fa/5b7662b04b69f3a34b8867877e4dbf2a37b7f2a5c0bbb5a9eed64efd1ad1/sqlparse-0.4.3.tar.gz"
            }
          ],
          "project_name": "sqlparse",
          "requires_dists": [],
          "requires_python": ">=3.5",
          "version": "0.4.3"
        },
        {
          "artifacts": [
            {
              "algorithm": "sha256",
              "hash": "939de3e7a6161af0c887ef91b7d41a53e7c5a1ca976325f429cb46ea9bc30ecc",
              "url": "https://files.pythonhosted.org/packages/97/75/10a9ebee3fd790d20926a90a2547f0bf78f371b2f13aa822c759680ca7b9/tomli-2.0.1-py3-none-any.whl"
            },
            {
              "algorithm": "sha256",
              "hash": "de526c12914f0c550d15924c62d72abc48d6fe7364aa87328337a31007fe8a4f",
              "url": "https://files.pythonhosted.org/packages/c0/3f/d7af728f075fb08564c5949a9c95e44352e23dee646869fa104a3b2060a3/tomli-2.0.1.tar.gz"
            }
          ],
          "project_name": "tomli",
          "requires_dists": [],
          "requires_python": ">=3.7",
          "version": "2.0.1"
        },
        {
          "artifacts": [
            {
              "algorithm": "sha256",
              "hash": "fb33085c39dd998ac16d1431ebc293a8b3eedd00fd4a32de0ff79002c19511b4",
              "url": "https://files.pythonhosted.org/packages/31/25/5abcd82372d3d4a3932e1fa8c3dbf9efac10cc7c0d16e78467460571b404/typing_extensions-4.5.0-py3-none-any.whl"
            },
            {
              "algorithm": "sha256",
              "hash": "5cb5f4a79139d699607b3ef622a1dedafa84e115ab0024e0d9c044a9479ca7cb",
              "url": "https://files.pythonhosted.org/packages/d3/20/06270dac7316220643c32ae61694e451c98f8caf4c8eab3aa80a2bedf0df/typing_extensions-4.5.0.tar.gz"
            }
          ],
          "project_name": "typing-extensions",
          "requires_dists": [],
          "requires_python": ">=3.7",
          "version": "4.5"
        },
        {
          "artifacts": [
            {
              "algorithm": "sha256",
              "hash": "830c08b8d99bdd312ea4ead05994a38e8936266f84b9a7878232db50b044e02e",
              "url": "https://files.pythonhosted.org/packages/81/c0/7461b49cd25aeece13766f02ee576d1db528f1c37ce69aee300e075b485b/uritemplate-4.1.1-py2.py3-none-any.whl"
            },
            {
              "algorithm": "sha256",
              "hash": "4346edfc5c3b79f694bccd6d6099a322bbeb628dbf2cd86eea55a456ce5124f0",
              "url": "https://files.pythonhosted.org/packages/d2/5a/4742fdba39cd02a56226815abfa72fe0aa81c33bed16ed045647d6000eba/uritemplate-4.1.1.tar.gz"
            }
          ],
          "project_name": "uritemplate",
          "requires_dists": [],
          "requires_python": ">=3.6",
          "version": "4.1.1"
        },
        {
          "artifacts": [
            {
              "algorithm": "sha256",
              "hash": "75edcdc2f7d85b137124a6c3c9fc3933cdeaa12ecb9a6a959f22797a0feca7e1",
              "url": "https://files.pythonhosted.org/packages/fe/ca/466766e20b767ddb9b951202542310cba37ea5f2d792dae7589f1741af58/urllib3-1.26.14-py2.py3-none-any.whl"
            },
            {
              "algorithm": "sha256",
              "hash": "076907bf8fd355cde77728471316625a4d2f7e713c125f51953bb5b3eecf4f72",
              "url": "https://files.pythonhosted.org/packages/c5/52/fe421fb7364aa738b3506a2d99e4f3a56e079c0a798e9f4fa5e14c60922f/urllib3-1.26.14.tar.gz"
            }
          ],
          "project_name": "urllib3",
          "requires_dists": [
            "PySocks!=1.5.7,<2.0,>=1.5.6; extra == \"socks\"",
            "brotli>=1.0.9; ((os_name != \"nt\" or python_version >= \"3\") and platform_python_implementation == \"CPython\") and extra == \"brotli\"",
            "brotlicffi>=0.8.0; ((os_name != \"nt\" or python_version >= \"3\") and platform_python_implementation != \"CPython\") and extra == \"brotli\"",
            "brotlipy>=0.6.0; (os_name == \"nt\" and python_version < \"3\") and extra == \"brotli\"",
            "certifi; extra == \"secure\"",
            "cryptography>=1.3.4; extra == \"secure\"",
            "idna>=2.0.0; extra == \"secure\"",
            "ipaddress; python_version == \"2.7\" and extra == \"secure\"",
            "pyOpenSSL>=0.14; extra == \"secure\"",
            "urllib3-secure-extra; extra == \"secure\""
          ],
          "requires_python": "!=3.0.*,!=3.1.*,!=3.2.*,!=3.3.*,!=3.4.*,!=3.5.*,>=2.7",
          "version": "1.26.14"
        }
      ],
      "platform_tag": null
    }
  ],
  "path_mappings": {},
  "pex_version": "2.1.108",
  "pip_version": "20.3.4-patched",
  "prefer_older_binary": false,
  "requirements": [
    "django-stubs==1.8.0",
    "djangorestframework-stubs[compatible-mypy]==1.4.0",
    "mypy==0.961",
    "phonenumbers"
  ],
  "requires_python": [
    "==3.10.*"
  ],
  "resolver_version": "pip-2020-resolver",
  "style": "universal",
  "target_systems": [
    "linux",
    "mac"
  ],
  "transitive": true,
  "use_pep517": null
}
